<?xml version="1.0" encoding="utf-8"?>
<Project ToolsVersion="4.0" xmlns="http://schemas.microsoft.com/developer/msbuild/2003">
  <ItemGroup>
    <Filter Include="Form Files">
      <UniqueIdentifier>{99349809-55BA-4b9d-BF79-8FDBB0286EB3}</UniqueIdentifier>
      <Extensions>ui</Extensions>
      <ParseFiles>false</ParseFiles>
    </Filter>
    <Filter Include="Form Files">
      <UniqueIdentifier>{99349809-55BA-4b9d-BF79-8FDBB0286EB3}</UniqueIdentifier>
      <Extensions>ui</Extensions>
      <ParseFiles>false</ParseFiles>
    </Filter>
    <Filter Include="Generated Files">
      <UniqueIdentifier>{71ED8ED8-ACB9-4CE9-BBE1-E00B30144E11}</UniqueIdentifier>
      <Extensions>cpp;c;cxx;moc;h;def;odl;idl;res;</Extensions>
    </Filter>
    <Filter Include="Generated Files">
      <UniqueIdentifier>{71ED8ED8-ACB9-4CE9-BBE1-E00B30144E11}</UniqueIdentifier>
      <Extensions>cpp;c;cxx;moc;h;def;odl;idl;res;</Extensions>
    </Filter>
    <Filter Include="Header Files">
      <UniqueIdentifier>{93995380-89BD-4b04-88EB-625FBE52EBFB}</UniqueIdentifier>
      <Extensions>h;hpp;hxx;hm;inl;inc;xsd</Extensions>
    </Filter>
    <Filter Include="Header Files">
      <UniqueIdentifier>{93995380-89BD-4b04-88EB-625FBE52EBFB}</UniqueIdentifier>
      <Extensions>h;hpp;hxx;hm;inl;inc;xsd</Extensions>
    </Filter>
    <Filter Include="Resource Files">
      <UniqueIdentifier>{D9D6E242-F8AF-46E4-B9FD-80ECBC20BA3E}</UniqueIdentifier>
      <Extensions>qrc;*</Extensions>
      <ParseFiles>false</ParseFiles>
    </Filter>
    <Filter Include="Resource Files">
      <UniqueIdentifier>{D9D6E242-F8AF-46E4-B9FD-80ECBC20BA3E}</UniqueIdentifier>
      <Extensions>qrc;*</Extensions>
      <ParseFiles>false</ParseFiles>
    </Filter>
    <Filter Include="Source Files">
      <UniqueIdentifier>{4FC737F1-C7A5-4376-A066-2A32D752A2FF}</UniqueIdentifier>
      <Extensions>cpp;c;cxx;def;odl;idl;hpj;bat;asm;asmx</Extensions>
    </Filter>
    <Filter Include="Source Files">
      <UniqueIdentifier>{4FC737F1-C7A5-4376-A066-2A32D752A2FF}</UniqueIdentifier>
      <Extensions>cpp;c;cxx;def;odl;idl;hpj;bat;asm;asmx</Extensions>
    </Filter>
    <Filter Include="Generated Files\Debug">
      <UniqueIdentifier>{c9496dd6-68d3-4613-82bb-80b07e3fd7e3}</UniqueIdentifier>
      <Extensions>cpp;moc</Extensions>
      <SourceControlFiles>False</SourceControlFiles>
    </Filter>
    <Filter Include="Generated Files\Release">
      <UniqueIdentifier>{1afdd767-5d04-4284-bfb0-a7300c5d410f}</UniqueIdentifier>
      <Extensions>cpp;moc</Extensions>
      <SourceControlFiles>False</SourceControlFiles>
    </Filter>
  </ItemGroup>
  <ItemGroup>
    <ClCompile Include="CalibPlugin.cpp">
      <Filter>Source Files</Filter>
    </ClCompile>
    <ClCompile Include="CheckerFlicker.cpp">
      <Filter>Source Files</Filter>
    </ClCompile>
    <ClCompile Include="ConnectionThread.cpp">
      <Filter>Source Files</Filter>
    </ClCompile>
    <ClCompile Include="ConsoleWindow.cpp">
      <Filter>Source Files</Filter>
    </ClCompile>
    <ClCompile Include="DAQ.cpp">
      <Filter>Source Files</Filter>
    </ClCompile>
    <ClCompile Include="DummyPlugin.cpp">
      <Filter>Source Files</Filter>
    </ClCompile>
    <ClCompile Include="FastMovieFormat.cpp">
      <Filter>Source Files</Filter>
    </ClCompile>
    <ClCompile Include="FastMovieReader.cpp">
      <Filter>Source Files</Filter>
    </ClCompile>
    <ClCompile Include="Flicker.cpp">
      <Filter>Source Files</Filter>
    </ClCompile>
    <ClCompile Include="Flicker_RGBW.cpp">
      <Filter>Source Files</Filter>
    </ClCompile>
    <ClCompile Include="FrameVariables.cpp">
      <Filter>Source Files</Filter>
    </ClCompile>
    <ClCompile Include="GLBoxSelector.cpp">
      <Filter>Source Files</Filter>
    </ClCompile>
    <ClCompile Include="GLWindow.cpp">
      <Filter>Source Files</Filter>
    </ClCompile>
    <ClCompile Include="GifReader.cpp">
      <Filter>Source Files</Filter>
    </ClCompile>
    <ClCompile Include="Movie.cpp">
      <Filter>Source Files</Filter>
    </ClCompile>
    <ClCompile Include="MovingGrating.cpp">
      <Filter>Source Files</Filter>
    </ClCompile>
    <ClCompile Include="MovingObjects.cpp">
      <Filter>Source Files</Filter>
    </ClCompile>
    <ClCompile Include="MovingObjects_Old.cpp">
      <Filter>Source Files</Filter>
    </ClCompile>
    <ClCompile Include="RNG.cpp">
      <Filter>Source Files</Filter>
    </ClCompile>
    <ClCompile Include="Sawtooth.cpp">
      <Filter>Source Files</Filter>
    </ClCompile>
    <ClCompile Include="Shapes.cpp">
      <Filter>Source Files</Filter>
    </ClCompile>
    <ClCompile Include="StimApp.cpp">
      <Filter>Source Files</Filter>
    </ClCompile>
    <ClCompile Include="StimGL_SpikeGL_Integration.cpp">
      <Filter>Source Files</Filter>
    </ClCompile>
    <ClCompile Include="StimParams.cpp">
      <Filter>Source Files</Filter>
    </ClCompile>
    <ClCompile Include="StimPlugin.cpp">
      <Filter>Source Files</Filter>
    </ClCompile>
    <ClCompile Include="Util.cpp">
      <Filter>Source Files</Filter>
    </ClCompile>
    <ClCompile Include="ZigguratGauss.cpp">
      <Filter>Source Files</Filter>
    </ClCompile>
    <ClCompile Include="main.cpp">
      <Filter>Source Files</Filter>
    </ClCompile>
    <ClCompile Include="osdep.cpp">
      <Filter>Source Files</Filter>
    </ClCompile>
    <ClCompile Include="Debug\moc_CalibPlugin.cpp">
      <Filter>Generated Files\Debug</Filter>
    </ClCompile>
    <ClCompile Include="Release\moc_CalibPlugin.cpp">
      <Filter>Generated Files\Release</Filter>
    </ClCompile>
    <ClCompile Include="Debug\moc_CheckerFlicker.cpp">
      <Filter>Generated Files\Debug</Filter>
    </ClCompile>
    <ClCompile Include="Release\moc_CheckerFlicker.cpp">
      <Filter>Generated Files\Release</Filter>
    </ClCompile>
    <ClCompile Include="Debug\moc_DummyPlugin.cpp">
      <Filter>Generated Files\Debug</Filter>
    </ClCompile>
    <ClCompile Include="Release\moc_DummyPlugin.cpp">
      <Filter>Generated Files\Release</Filter>
    </ClCompile>
    <ClCompile Include="Debug\moc_GLWindow.cpp">
      <Filter>Generated Files\Debug</Filter>
    </ClCompile>
    <ClCompile Include="Release\moc_GLWindow.cpp">
      <Filter>Generated Files\Release</Filter>
    </ClCompile>
    <ClCompile Include="Debug\moc_Movie.cpp">
      <Filter>Generated Files\Debug</Filter>
    </ClCompile>
    <ClCompile Include="Release\moc_Movie.cpp">
      <Filter>Generated Files\Release</Filter>
    </ClCompile>
    <ClCompile Include="Debug\moc_StimApp.cpp">
      <Filter>Generated Files\Debug</Filter>
    </ClCompile>
    <ClCompile Include="Release\moc_StimApp.cpp">
      <Filter>Generated Files\Release</Filter>
    </ClCompile>
    <ClCompile Include="Debug\moc_StimGL_SpikeGL_Integration.cpp">
      <Filter>Generated Files\Debug</Filter>
    </ClCompile>
    <ClCompile Include="Release\moc_StimGL_SpikeGL_Integration.cpp">
      <Filter>Generated Files\Release</Filter>
    </ClCompile>
    <ClCompile Include="Debug\moc_StimPlugin.cpp">
      <Filter>Generated Files\Debug</Filter>
    </ClCompile>
    <ClCompile Include="Release\moc_StimPlugin.cpp">
      <Filter>Generated Files\Release</Filter>
    </ClCompile>
    <ClCompile Include="GeneratedFiles\qrc_shaders.cpp">
      <Filter>Generated Files</Filter>
    </ClCompile>
    <ClCompile Include="Starfield_Old.cpp">
      <Filter>Source Files</Filter>
    </ClCompile>
    <ClCompile Include="Starfield.cpp">
      <Filter>Source Files</Filter>
    </ClCompile>
  </ItemGroup>
  <ItemGroup>
    <CustomBuild Include="CalibPlugin.h">
      <Filter>Header Files</Filter>
    </CustomBuild>
    <CustomBuild Include="CheckerFlicker.h">
      <Filter>Header Files</Filter>
    </CustomBuild>
    <ClInclude Include="ConnectionThread.h">
      <Filter>Header Files</Filter>
    </ClInclude>
    <ClInclude Include="ConsoleWindow.h">
      <Filter>Header Files</Filter>
    </ClInclude>
    <ClInclude Include="DAQ.h">
      <Filter>Header Files</Filter>
    </ClInclude>
    <CustomBuild Include="DummyPlugin.h">
      <Filter>Header Files</Filter>
    </CustomBuild>
    <ClInclude Include="FastMovieFormat.h">
      <Filter>Header Files</Filter>
    </ClInclude>
    <ClInclude Include="FastMovieReader.h">
      <Filter>Header Files</Filter>
    </ClInclude>
    <ClInclude Include="Flicker.h">
      <Filter>Header Files</Filter>
    </ClInclude>
    <ClInclude Include="Flicker_RGBW.h">
      <Filter>Header Files</Filter>
    </ClInclude>
    <ClInclude Include="FrameVariables.h">
      <Filter>Header Files</Filter>
    </ClInclude>
    <ClInclude Include="GLBoxSelector.h">
      <Filter>Header Files</Filter>
    </ClInclude>
    <ClInclude Include="GLHeaders.h">
      <Filter>Header Files</Filter>
    </ClInclude>
    <CustomBuild Include="GLWindow.h">
      <Filter>Header Files</Filter>
    </CustomBuild>
    <ClInclude Include="GifReader.h">
      <Filter>Header Files</Filter>
    </ClInclude>
    <CustomBuild Include="Movie.h">
      <Filter>Header Files</Filter>
    </CustomBuild>
    <ClInclude Include="MovingGrating.h">
      <Filter>Header Files</Filter>
    </ClInclude>
    <ClInclude Include="MovingObjects.h">
      <Filter>Header Files</Filter>
    </ClInclude>
    <ClInclude Include="MovingObjects_Old.h">
      <Filter>Header Files</Filter>
    </ClInclude>
    <ClInclude Include="RNG.h">
      <Filter>Header Files</Filter>
    </ClInclude>
    <ClInclude Include="Sawtooth.h">
      <Filter>Header Files</Filter>
    </ClInclude>
    <ClInclude Include="Shapes.h">
      <Filter>Header Files</Filter>
    </ClInclude>
    <CustomBuild Include="StimApp.h">
      <Filter>Header Files</Filter>
    </CustomBuild>
    <CustomBuild Include="StimGL_SpikeGL_Integration.h">
      <Filter>Header Files</Filter>
    </CustomBuild>
    <ClInclude Include="StimParams.h">
      <Filter>Header Files</Filter>
    </ClInclude>
    <CustomBuild Include="StimPlugin.h">
      <Filter>Header Files</Filter>
    </CustomBuild>
    <ClInclude Include="TypeDefs.h">
      <Filter>Header Files</Filter>
    </ClInclude>
    <ClInclude Include="Util.h">
      <Filter>Header Files</Filter>
    </ClInclude>
    <ClInclude Include="Version.h">
      <Filter>Header Files</Filter>
    </ClInclude>
    <ClInclude Include="ZigguratGauss.h">
      <Filter>Header Files</Filter>
    </ClInclude>
  </ItemGroup>
  <ItemGroup>
    <CustomBuild Include="debug\moc_predefs.h.cbt">
      <Filter>Generated Files</Filter>
    </CustomBuild>
    <CustomBuild Include="release\moc_predefs.h.cbt">
      <Filter>Generated Files</Filter>
    </CustomBuild>
  </ItemGroup>
  <ItemGroup>
    <CustomBuild Include="HotspotConfig.ui">
      <Filter>Form Files</Filter>
    </CustomBuild>
    <CustomBuild Include="ParamDefaultsWindow.ui">
      <Filter>Form Files</Filter>
    </CustomBuild>
    <CustomBuild Include="SpikeGLIntegration.ui">
      <Filter>Form Files</Filter>
    </CustomBuild>
    <CustomBuild Include="WarpingConfig.ui">
      <Filter>Form Files</Filter>
    </CustomBuild>
  </ItemGroup>
  <ItemGroup>
    <None Include="frag_shader.frag">
      <Filter>Resource Files</Filter>
    </None>
    <None Include="frag_shader_120.frag">
      <Filter>Resource Files</Filter>
    </None>
    <CustomBuild Include="shaders.qrc">
      <Filter>Resource Files</Filter>
    </CustomBuild>
    <None Include="vert_shader.vert">
      <Filter>Resource Files</Filter>
    </None>
  </ItemGroup>
  <ItemGroup>
    <ResourceCompile Include="WinResources.rc" />
  </ItemGroup>
  <ItemGroup>
    <ClInclude Include="GeneratedFiles\ui_HotspotConfig.h">
      <Filter>Generated Files</Filter>
    </ClInclude>
    <ClInclude Include="GeneratedFiles\ui_ParamDefaultsWindow.h">
      <Filter>Generated Files</Filter>
    </ClInclude>
    <ClInclude Include="GeneratedFiles\ui_SpikeGLIntegration.h">
      <Filter>Generated Files</Filter>
    </ClInclude>
    <ClInclude Include="GeneratedFiles\ui_WarpingConfig.h">
      <Filter>Generated Files</Filter>
    </ClInclude>
    <ClInclude Include="Starfield_Old.h">
      <Filter>Header Files</Filter>
    </ClInclude>
    <ClInclude Include="Starfield.h">
      <Filter>Header Files</Filter>
    </ClInclude>
  </ItemGroup>
</Project>